
Microsoft Visual Studio Solution File, Format Version 12.00
# Visual Studio 2012
Project("{FAE04EC0-301F-11D3-BF4B-00C04F79EFBC}") = "GridLayout", "GridLayout\GridLayout.csproj", "{7611E679-81F5-4E4F-9E87-DE83DABADD4F}"
EndProject
Project("{FAE04EC0-301F-11D3-BF4B-00C04F79EFBC}") = "GridLayout.iOS", "iOS\GridLayout.iOS.csproj", "{D9A5A7E7-DBE2-41C1-8391-F0E17C1EE5D2}"
EndProject
Project("{FAE04EC0-301F-11D3-BF4B-00C04F79EFBC}") = "GridLayout.Droid", "Droid\GridLayout.Droid.csproj", "{F662C39A-B11E-4850-8FCD-4A2FC0421B76}"
EndProject
Global
	GlobalSection(SolutionConfigurationPlatforms) = preSolution
		Debug|Any CPU = Debug|Any CPU
		Release|Any CPU = Release|Any CPU
		Debug|iPhoneSimulator = Debug|iPhoneSimulator
		Release|iPhone = Release|iPhone
		Release|iPhoneSimulator = Release|iPhoneSimulator
		Debug|iPhone = Debug|iPhone
	EndGlobalSection
	GlobalSection(ProjectConfigurationPlatforms) = postSolution
		{7611E679-81F5-4E4F-9E87-DE83DABADD4F}.Debug|Any CPU.ActiveCfg = Debug|Any CPU
		{7611E679-81F5-4E4F-9E87-DE83DABADD4F}.Debug|Any CPU.Build.0 = Debug|Any CPU
		{7611E679-81F5-4E4F-9E87-DE83DABADD4F}.Release|Any CPU.ActiveCfg = Release|Any CPU
		{7611E679-81F5-4E4F-9E87-DE83DABADD4F}.Release|Any CPU.Build.0 = Release|Any CPU
		{7611E679-81F5-4E4F-9E87-DE83DABADD4F}.Debug|iPhoneSimulator.ActiveCfg = Debug|Any CPU
		{7611E679-81F5-4E4F-9E87-DE83DABADD4F}.Debug|iPhoneSimulator.Build.0 = Debug|Any CPU
		{7611E679-81F5-4E4F-9E87-DE83DABADD4F}.Release|iPhone.ActiveCfg = Release|Any CPU
		{7611E679-81F5-4E4F-9E87-DE83DABADD4F}.Release|iPhone.Build.0 = Release|Any CPU
		{7611E679-81F5-4E4F-9E87-DE83DABADD4F}.Release|iPhoneSimulator.ActiveCfg = Release|Any CPU
		{7611E679-81F5-4E4F-9E87-DE83DABADD4F}.Release|iPhoneSimulator.Build.0 = Release|Any CPU
		{7611E679-81F5-4E4F-9E87-DE83DABADD4F}.Debug|iPhone.ActiveCfg = Debug|Any CPU
		{7611E679-81F5-4E4F-9E87-DE83DABADD4F}.Debug|iPhone.Build.0 = Debug|Any CPU
		{D9A5A7E7-DBE2-41C1-8391-F0E17C1EE5D2}.Debug|Any CPU.ActiveCfg = Debug|iPhoneSimulator
		{D9A5A7E7-DBE2-41C1-8391-F0E17C1EE5D2}.Debug|Any CPU.Build.0 = Debug|iPhoneSimulator
		{D9A5A7E7-DBE2-41C1-8391-F0E17C1EE5D2}.Release|Any CPU.ActiveCfg = Release|iPhone
		{D9A5A7E7-DBE2-41C1-8391-F0E17C1EE5D2}.Release|Any CPU.Build.0 = Release|iPhone
		{D9A5A7E7-DBE2-41C1-8391-F0E17C1EE5D2}.Debug|iPhoneSimulator.ActiveCfg = Debug|iPhoneSimulator
		{D9A5A7E7-DBE2-41C1-8391-F0E17C1EE5D2}.Debug|iPhoneSimulator.Build.0 = Debug|iPhoneSimulator
		{D9A5A7E7-DBE2-41C1-8391-F0E17C1EE5D2}.Release|iPhone.ActiveCfg = Release|iPhone
		{D9A5A7E7-DBE2-41C1-8391-F0E17C1EE5D2}.Release|iPhone.Build.0 = Release|iPhone
		{D9A5A7E7-DBE2-41C1-8391-F0E17C1EE5D2}.Release|iPhoneSimulator.ActiveCfg = Release|iPhoneSimulator
		{D9A5A7E7-DBE2-41C1-8391-F0E17C1EE5D2}.Release|iPhoneSimulator.Build.0 = Release|iPhoneSimulator
		{D9A5A7E7-DBE2-41C1-8391-F0E17C1EE5D2}.Debug|iPhone.ActiveCfg = Debug|iPhone
		{D9A5A7E7-DBE2-41C1-8391-F0E17C1EE5D2}.Debug|iPhone.Build.0 = Debug|iPhone
		{F662C39A-B11E-4850-8FCD-4A2FC0421B76}.Debug|Any CPU.ActiveCfg = Debug|Any CPU
		{F662C39A-B11E-4850-8FCD-4A2FC0421B76}.Debug|Any CPU.Build.0 = Debug|Any CPU
		{F662C39A-B11E-4850-8FCD-4A2FC0421B76}.Release|Any CPU.ActiveCfg = Release|Any CPU
		{F662C39A-B11E-4850-8FCD-4A2FC0421B76}.Release|Any CPU.Build.0 = Release|Any CPU
		{F662C39A-B11E-4850-8FCD-4A2FC0421B76}.Debug|iPhoneSimulator.ActiveCfg = Debug|Any CPU
		{F662C39A-B11E-4850-8FCD-4A2FC0421B76}.Debug|iPhoneSimulator.Build.0 = Debug|Any CPU
		{F662C39A-B11E-4850-8FCD-4A2FC0421B76}.Release|iPhone.ActiveCfg = Release|Any CPU
		{F662C39A-B11E-4850-8FCD-4A2FC0421B76}.Release|iPhone.Build.0 = Release|Any CPU
		{F662C39A-B11E-4850-8FCD-4A2FC0421B76}.Release|iPhoneSimulator.ActiveCfg = Release|Any CPU
		{F662C39A-B11E-4850-8FCD-4A2FC0421B76}.Release|iPhoneSimulator.Build.0 = Release|Any CPU
		{F662C39A-B11E-4850-8FCD-4A2FC0421B76}.Debug|iPhone.ActiveCfg = Debug|Any CPU
		{F662C39A-B11E-4850-8FCD-4A2FC0421B76}.Debug|iPhone.Build.0 = Debug|Any CPU
	EndGlobalSection
EndGlobal
